
Microsoft Visual Studio Solution File, Format Version 12.00
# Visual Studio Version 17
VisualStudioVersion = 17.8.34309.116
MinimumVisualStudioVersion = 10.0.40219.1
Project("{9A19103F-16F7-4668-BE54-9A1E7A4F7556}") = "WebApplication1", "WebApplication1\WebApplication1.csproj", "{869AD54F-19B7-47EB-91B5-2535FAA355A5}"
EndProject
Project("{FAE04EC0-301F-11D3-BF4B-00C04F79EFBC}") = "Core", "Models\Core.csproj", "{253E9486-F558-40B6-BFE6-142E12CAB3A4}"
EndProject
Project("{FAE04EC0-301F-11D3-BF4B-00C04F79EFBC}") = "Application", "Application\Application.csproj", "{C9D4F09B-44B0-482E-AB8F-FD226C7E0EAB}"
EndProject
Global
	GlobalSection(SolutionConfigurationPlatforms) = preSolution
		Debug|Any CPU = Debug|Any CPU
		Release|Any CPU = Release|Any CPU
	EndGlobalSection
	GlobalSection(ProjectConfigurationPlatforms) = postSolution
		{869AD54F-19B7-47EB-91B5-2535FAA355A5}.Debug|Any CPU.ActiveCfg = Debug|Any CPU
		{869AD54F-19B7-47EB-91B5-2535FAA355A5}.Debug|Any CPU.Build.0 = Debug|Any CPU
		{869AD54F-19B7-47EB-91B5-2535FAA355A5}.Release|Any CPU.ActiveCfg = Release|Any CPU
		{869AD54F-19B7-47EB-91B5-2535FAA355A5}.Release|Any CPU.Build.0 = Release|Any CPU
		{253E9486-F558-40B6-BFE6-142E12CAB3A4}.Debug|Any CPU.ActiveCfg = Debug|Any CPU
		{253E9486-F558-40B6-BFE6-142E12CAB3A4}.Debug|Any CPU.Build.0 = Debug|Any CPU
		{253E9486-F558-40B6-BFE6-142E12CAB3A4}.Release|Any CPU.ActiveCfg = Release|Any CPU
		{253E9486-F558-40B6-BFE6-142E12CAB3A4}.Release|Any CPU.Build.0 = Release|Any CPU
		{C9D4F09B-44B0-482E-AB8F-FD226C7E0EAB}.Debug|Any CPU.ActiveCfg = Debug|Any CPU
		{C9D4F09B-44B0-482E-AB8F-FD226C7E0EAB}.Debug|Any CPU.Build.0 = Debug|Any CPU
		{C9D4F09B-44B0-482E-AB8F-FD226C7E0EAB}.Release|Any CPU.ActiveCfg = Release|Any CPU
		{C9D4F09B-44B0-482E-AB8F-FD226C7E0EAB}.Release|Any CPU.Build.0 = Release|Any CPU
	EndGlobalSection
	GlobalSection(SolutionProperties) = preSolution
		HideSolutionNode = FALSE
	EndGlobalSection
	GlobalSection(ExtensibilityGlobals) = postSolution
		SolutionGuid = {A9057CA6-9DAF-4320-B4A9-3C95346019F7}
	EndGlobalSection
EndGlobal
